{
  "name": "tello-drone-project",
  "version": "1.0.0",
  "lockfileVersion": 3,
  "requires": true,
  "packages": {
    "": {
      "name": "tello-drone-project",
      "version": "1.0.0",
      "license": "ISC",
      "dependencies": {
        "dji-tello": "^1.0.15"
      }
    },
    "node_modules/bindings": {
      "version": "1.5.0",
      "resolved": "https://registry.npmjs.org/bindings/-/bindings-1.5.0.tgz",
      "integrity": "sha512-p2q/t/mhvuOj/UeLlV6566GD/guowlr0hHxClI0W9m7MWYkL1F0hLo+0Aexs9HSPCtR1SXQ0TD3MMKrXZajbiQ==",
      "dependencies": {
        "file-uri-to-path": "1.0.0"
      }
    },
    "node_modules/deasync": {
      "version": "0.1.30",
      "resolved": "https://registry.npmjs.org/deasync/-/deasync-0.1.30.tgz",
      "integrity": "sha512-OaAjvEQuQ9tJsKG4oHO9nV1UHTwb2Qc2+fadB0VeVtD0Z9wiG1XPGLJ4W3aLhAoQSYTaLROFRbd5X20Dkzf7MQ==",
      "hasInstallScript": true,
      "dependencies": {
        "bindings": "^1.5.0",
        "node-addon-api": "^1.7.1"
      },
      "engines": {
        "node": ">=0.11.0"
      }
    },
    "node_modules/deasync-promise": {
      "version": "1.0.1",
      "resolved": "https://registry.npmjs.org/deasync-promise/-/deasync-promise-1.0.1.tgz",
      "integrity": "sha512-VzJ6J6beJcSXM7SMVhug3JNZzLiPGUNJWDuevXcFeXQCa+zlnP7ZrByI+8DZQZ3AoZJj9W32ceqF6JBKmsTdgg==",
      "dependencies": {
        "deasync": "^0.1.7"
      }
    },
    "node_modules/dgram": {
      "version": "1.0.1",
      "resolved": "https://registry.npmjs.org/dgram/-/dgram-1.0.1.tgz",
      "integrity": "sha512-zJVFL1EWfKtE0z2VN6qfpn/a+qG1viEzcwJA0EjtzS76ONSE3sEyWBwEbo32hS4IFw/EWVuWN+8b89aPW6It2A==",
      "deprecated": "npm is holding this package for security reasons. As it's a core Node module, we will not transfer it over to other users. You may safely remove the package from your dependencies."
    },
    "node_modules/dji-tello": {
      "version": "1.0.15",
      "resolved": "https://registry.npmjs.org/dji-tello/-/dji-tello-1.0.15.tgz",
      "integrity": "sha512-FntviCzsWhKCSwABROe4Ti/7HcUzag82HcBf9KI90URaxystOwnKYBDGDQ7YMl/1N3Pni7FawLqs2AU8ESI6WA==",
      "dependencies": {
        "dgram": "^1.0.1",
        "ip": "^1.1.5",
        "system-sleep": "^1.3.6"
      }
    },
    "node_modules/file-uri-to-path": {
      "version": "1.0.0",
      "resolved": "https://registry.npmjs.org/file-uri-to-path/-/file-uri-to-path-1.0.0.tgz",
      "integrity": "sha512-0Zt+s3L7Vf1biwWZ29aARiVYLx7iMGnEUl9x33fbB/j3jR81u/O2LbqK+Bm1CDSNDKVtJ/YjwY7TUd5SkeLQLw=="
    },
    "node_modules/ip": {
      "version": "1.1.9",
      "resolved": "https://registry.npmjs.org/ip/-/ip-1.1.9.tgz",
      "integrity": "sha512-cyRxvOEpNHNtchU3Ln9KC/auJgup87llfQpQ+t5ghoC/UhL16SWzbueiCsdTnWmqAWl7LadfuwhlqmtOaqMHdQ=="
    },
    "node_modules/node-addon-api": {
      "version": "1.7.2",
      "resolved": "https://registry.npmjs.org/node-addon-api/-/node-addon-api-1.7.2.tgz",
      "integrity": "sha512-ibPK3iA+vaY1eEjESkQkM0BbCqFOaZMiXRTtdB0u7b4djtY6JnsjvPdUHVMg6xQt3B8fpTTWHI9A+ADjM9frzg=="
    },
    "node_modules/system-sleep": {
      "version": "1.3.7",
      "resolved": "https://registry.npmjs.org/system-sleep/-/system-sleep-1.3.7.tgz",
      "integrity": "sha512-0Bd7sdWpO+UNLwPr7I4fhmaYf5RARbx4LQPgEPHVqU+uYc1C7FMfxyEWZlJXHpcGmtSR7KeR9npNpool+s8TvQ==",
      "dependencies": {
        "deasync-promise": "1.0.1"
      }
    }
  }
}
